{
  "originHash" : "4209a484fb78a0359b9bf49149f29a611ec5287faba48cebc631f35425bd40e5",
  "pins" : [
    {
      "identity" : "ios-okhi",
      "kind" : "remoteSourceControl",
      "location" : "https://github.com/OkHi/ios-okhi",
      "state" : {
        "revision" : "773a9de7e2241d76603f4668b95938df90da524b",
        "version" : "1.9.45"
      }
    }
  ],
  "version" : 3
}
